
Microsoft Visual Studio Solution File, Format Version 12.00
# Visual Studio Version 17
VisualStudioVersion = 17.5.002.0
MinimumVisualStudioVersion = 10.0.40219.1
Project("{9A19103F-16F7-4668-BE54-9A1E7A4F7556}") = "Imetame.Documentacao.WebApi", "Imetame.Documentacao.WebApi.csproj", "{87ECBDCA-395B-47A6-97C6-48CDD6B23E38}"
EndProject
Global
	GlobalSection(SolutionConfigurationPlatforms) = preSolution
		Debug|Any CPU = Debug|Any CPU
		Release|Any CPU = Release|Any CPU
	EndGlobalSection
	GlobalSection(ProjectConfigurationPlatforms) = postSolution
		{87ECBDCA-395B-47A6-97C6-48CDD6B23E38}.Debug|Any CPU.ActiveCfg = Debug|Any CPU
		{87ECBDCA-395B-47A6-97C6-48CDD6B23E38}.Debug|Any CPU.Build.0 = Debug|Any CPU
		{87ECBDCA-395B-47A6-97C6-48CDD6B23E38}.Release|Any CPU.ActiveCfg = Release|Any CPU
		{87ECBDCA-395B-47A6-97C6-48CDD6B23E38}.Release|Any CPU.Build.0 = Release|Any CPU
	EndGlobalSection
	GlobalSection(SolutionProperties) = preSolution
		HideSolutionNode = FALSE
	EndGlobalSection
	GlobalSection(ExtensibilityGlobals) = postSolution
		SolutionGuid = {E59F8ED0-C269-4C62-807B-4DF502428586}
	EndGlobalSection
EndGlobal
